
Microsoft Visual Studio Solution File, Format Version 12.00
# Visual Studio Version 16
VisualStudioVersion = 16.0.30320.27
MinimumVisualStudioVersion = 10.0.40219.1
Project("{9A19103F-16F7-4668-BE54-9A1E7A4F7556}") = "PingTool", "PingTool\PingTool.csproj", "{6288B17E-B240-4E5F-9058-CAF23D6CC68A}"
EndProject
Global
	GlobalSection(SolutionConfigurationPlatforms) = preSolution
		Debug|Any CPU = Debug|Any CPU
		Release|Any CPU = Release|Any CPU
	EndGlobalSection
	GlobalSection(ProjectConfigurationPlatforms) = postSolution
		{6288B17E-B240-4E5F-9058-CAF23D6CC68A}.Debug|Any CPU.ActiveCfg = Debug|Any CPU
		{6288B17E-B240-4E5F-9058-CAF23D6CC68A}.Debug|Any CPU.Build.0 = Debug|Any CPU
		{6288B17E-B240-4E5F-9058-CAF23D6CC68A}.Release|Any CPU.ActiveCfg = Release|Any CPU
		{6288B17E-B240-4E5F-9058-CAF23D6CC68A}.Release|Any CPU.Build.0 = Release|Any CPU
	EndGlobalSection
	GlobalSection(SolutionProperties) = preSolution
		HideSolutionNode = FALSE
	EndGlobalSection
	GlobalSection(ExtensibilityGlobals) = postSolution
		SolutionGuid = {3A75D51E-758B-41C2-8196-0904368CD59F}
	EndGlobalSection
EndGlobal
